# This file was autogenerated by Stack.
# You should not edit this file by hand.
# For more information, please see the documentation at:
#   https://docs.haskellstack.org/en/stable/lock_files

packages:
- completed:
    hackage: unbound-generics-0.4.1@sha256:5020e8397dad610846cbd5bdc855e20edf9b9cb74f93f6c09488bba21118c409,5485
    pantry-tree:
      size: 3046
      sha256: 3f6a21308ef8d6e6127448715671ef4cd21d71b81198c77d58f55008aee988f8
  original:
    hackage: unbound-generics-0.4.1@sha256:5020e8397dad610846cbd5bdc855e20edf9b9cb74f93f6c09488bba21118c409,5485
snapshots:
- completed:
    size: 532381
    url: https://raw.githubusercontent.com/commercialhaskell/stackage-snapshots/master/lts/16/11.yaml
    sha256: 1f43c4ad661a114a4f9dd4580988f30da1208d844c097714f5867c52a02e0aa1
  original: lts-16.11
